{
  "nodes": {
    "catppuccin": {
      "inputs": {
        "nixpkgs": [
          "nixpkgs"
        ]
      },
      "locked": {
        "lastModified": 1780143400,
        "narHash": "sha256-jN9RJ4OeuLdCxZ1G0d4zqy0HuHnqODxxgN6pQoYfAH8=",
        "owner": "catppuccin",
        "repo": "nix",
        "rev": "096f4670cf078d810a931fae59b57db4cc3fb4d3",
        "type": "github"
      },
      "original": {
        "owner": "catppuccin",
        "ref": "release-26.05",
        "repo": "nix",
        "type": "github"
      }
    },
    "flake-parts": {
      "inputs": {
        "nixpkgs-lib": [
          "nixvim",
          "nixpkgs"
        ]
      },
      "locked": {
        "lastModified": 1778716662,
        "narHash": "sha256-m1Yf0wZ8j1OHjTc2UwHwyQRSnNeSgLJOd7q5Y45hzi4=",
        "owner": "hercules-ci",
        "repo": "flake-parts",
        "rev": "f7c1a2d347e4c52d5fb8d10cb4d94b5884e546fb",
        "type": "github"
      },
      "original": {
        "owner": "hercules-ci",
        "repo": "flake-parts",
        "type": "github"
      }
    },
    "home-manager": {
      "inputs": {
        "nixpkgs": [
          "nixpkgs"
        ]
      },
      "locked": {
        "lastModified": 1783221248,
        "narHash": "sha256-ESQnuNHEDChsB4IxoLRhscVahqkDWkTb+qdIz8euYt4=",
        "owner": "nix-community",
        "repo": "home-manager",
        "rev": "af2beae5f0fae0a4310cc0e6aef2572f56090353",
        "type": "github"
      },
      "original": {
        "owner": "nix-community",
        "ref": "release-26.05",
        "repo": "home-manager",
        "type": "github"
      }
    },
    "nixos-hardware": {
      "inputs": {
        "nixpkgs": [
          "nixpkgs"
        ]
      },
      "locked": {
        "lastModified": 1783370751,
        "narHash": "sha256-E+3MIMvKuo9k+K+qLQ9YXzsBzkgHuyVLnsEbN2DFfuc=",
        "owner": "nixos",
        "repo": "nixos-hardware",
        "rev": "662bd6e312d2c8b212e32cb377abaee190749320",
        "type": "github"
      },
      "original": {
        "owner": "nixos",
        "repo": "nixos-hardware",
        "type": "github"
      }
    },
    "nixpkgs": {
      "locked": {
        "lastModified": 1783389287,
        "narHash": "sha256-0xIy4dVLqq47rA+mRy0hXDfjhQd4E5PoIns/RmB7nR4=",
        "owner": "NixOS",
        "repo": "nixpkgs",
        "rev": "0ad6f47ea4fe188f4bc8f0380f93ae8523337c6c",
        "type": "github"
      },
      "original": {
        "owner": "NixOS",
        "ref": "nixos-26.05",
        "repo": "nixpkgs",
        "type": "github"
      }
    },
    "nixpkgs-master": {
      "locked": {
        "lastModified": 1783495818,
        "narHash": "sha256-r4a/0WDZIgq9eGPxnyBinYuKrxdDBnZypL3q7NIKkaY=",
        "owner": "nixos",
        "repo": "nixpkgs",
        "rev": "ee2d1dfb85ab6ef2898517939808cce832952058",
        "type": "github"
      },
      "original": {
        "owner": "nixos",
        "ref": "master",
        "repo": "nixpkgs",
        "type": "github"
      }
    },
    "nixpkgs-unstable": {
      "locked": {
        "lastModified": 1783224372,
        "narHash": "sha256-8i/87eeoqiGE4yOTjwSA3Eh/ziJRQEmd/unYU+K27sk=",
        "owner": "nixos",
        "repo": "nixpkgs",
        "rev": "d407951447dcd00442e97087bf374aad70c04cea",
        "type": "github"
      },
      "original": {
        "owner": "nixos",
        "ref": "nixos-unstable",
        "repo": "nixpkgs",
        "type": "github"
      }
    },
    "nixpkgs_2": {
      "locked": {
        "lastModified": 1781216227,
        "narHash": "sha256-9mUW6gNwoN2SWc/l0fW4svPNOulXLl8ijqKyeSOGgJE=",
        "owner": "NixOS",
        "repo": "nixpkgs",
        "rev": "a0374025a863d007d98e3297f6aa46cc3141c2f0",
        "type": "github"
      },
      "original": {
        "owner": "NixOS",
        "ref": "nixos-26.05",
        "repo": "nixpkgs",
        "type": "github"
      }
    },
    "nixvim": {
      "inputs": {
        "flake-parts": "flake-parts",
        "nixpkgs": "nixpkgs_2",
        "systems": "systems"
      },
      "locked": {
        "lastModified": 1782919967,
        "narHash": "sha256-pRwjfB5HQJ3m8J8bOR43pPHtHI7VUJSqwLA3P06cOY0=",
        "owner": "nix-community",
        "repo": "nixvim",
        "rev": "667c8471f4a0fb24d702d1a61af8609f1a5f1ba6",
        "type": "github"
      },
      "original": {
        "owner": "nix-community",
        "ref": "nixos-26.05",
        "repo": "nixvim",
        "type": "github"
      }
    },
    "plasma-manager": {
      "inputs": {
        "home-manager": [
          "home-manager"
        ],
        "nixpkgs": [
          "nixpkgs"
        ]
      },
      "locked": {
        "lastModified": 1783455223,
        "narHash": "sha256-FnUhS+B9gnLDmy51uAupFq4ewiQPXh5vZbyKhcWz3mU=",
        "owner": "nix-community",
        "repo": "plasma-manager",
        "rev": "1663116ddd23ba7150c2deb3c05ddeb30904bb1f",
        "type": "github"
      },
      "original": {
        "owner": "nix-community",
        "repo": "plasma-manager",
        "type": "github"
      }
    },
    "root": {
      "inputs": {
        "catppuccin": "catppuccin",
        "home-manager": "home-manager",
        "nixos-hardware": "nixos-hardware",
        "nixpkgs": "nixpkgs",
        "nixpkgs-master": "nixpkgs-master",
        "nixpkgs-unstable": "nixpkgs-unstable",
        "nixvim": "nixvim",
        "plasma-manager": "plasma-manager",
        "sops-nix": "sops-nix",
        "work": "work"
      }
    },
    "sops-nix": {
      "inputs": {
        "nixpkgs": [
          "nixpkgs"
        ]
      },
      "locked": {
        "lastModified": 1783174389,
        "narHash": "sha256-aCWC8ngycU7OdJrU2+Je3qf+1a2ykuBvpPhZT/9tXMc=",
        "owner": "Mic92",
        "repo": "sops-nix",
        "rev": "f1406619a3884cd5c47992a70b8b35c9c0fcb4c9",
        "type": "github"
      },
      "original": {
        "owner": "Mic92",
        "repo": "sops-nix",
        "type": "github"
      }
    },
    "systems": {
      "locked": {
        "lastModified": 1681028828,
        "narHash": "sha256-Vy1rq5AaRuLzOxct8nz4T6wlgyUR7zLU309k9mBC768=",
        "owner": "nix-systems",
        "repo": "default",
        "rev": "da67096a3b9bf56a91d16901293e51ba5b49a27e",
        "type": "github"
      },
      "original": {
        "owner": "nix-systems",
        "repo": "default",
        "type": "github"
      }
    },
    "work": {
      "flake": false,
      "locked": {
        "lastModified": 1782806480,
        "narHash": "sha256-nGapDsBV//fjz9gpEn6X+QgHSHZtWkRkuMqKRNObpfo=",
        "path": "/home/sebastian/nixos-config-work",
        "type": "path"
      },
      "original": {
        "path": "/home/sebastian/nixos-config-work",
        "type": "path"
      }
    }
  },
  "root": "root",
  "version": 7
}
